
Microsoft Visual Studio Solution File, Format Version 12.00
# Visual Studio Version 17
VisualStudioVersion = 17.2.32602.215
MinimumVisualStudioVersion = 10.0.40219.1
Project("{FAE04EC0-301F-11D3-BF4B-00C04F79EFBC}") = "IndianStateCensus", "IndianStateCensus\IndianStateCensus.csproj", "{41535B1A-6328-4F04-AEDF-002766393077}"
EndProject
Project("{FAE04EC0-301F-11D3-BF4B-00C04F79EFBC}") = "AnalyzerTest", "AnalyzerTest\AnalyzerTest.csproj", "{07AC452E-FDA4-454F-8990-37F5BB873A35}"
EndProject
Global
	GlobalSection(SolutionConfigurationPlatforms) = preSolution
		Debug|Any CPU = Debug|Any CPU
		Release|Any CPU = Release|Any CPU
	EndGlobalSection
	GlobalSection(ProjectConfigurationPlatforms) = postSolution
		{41535B1A-6328-4F04-AEDF-002766393077}.Debug|Any CPU.ActiveCfg = Debug|Any CPU
		{41535B1A-6328-4F04-AEDF-002766393077}.Debug|Any CPU.Build.0 = Debug|Any CPU
		{41535B1A-6328-4F04-AEDF-002766393077}.Release|Any CPU.ActiveCfg = Release|Any CPU
		{41535B1A-6328-4F04-AEDF-002766393077}.Release|Any CPU.Build.0 = Release|Any CPU
		{07AC452E-FDA4-454F-8990-37F5BB873A35}.Debug|Any CPU.ActiveCfg = Debug|Any CPU
		{07AC452E-FDA4-454F-8990-37F5BB873A35}.Debug|Any CPU.Build.0 = Debug|Any CPU
		{07AC452E-FDA4-454F-8990-37F5BB873A35}.Release|Any CPU.ActiveCfg = Release|Any CPU
		{07AC452E-FDA4-454F-8990-37F5BB873A35}.Release|Any CPU.Build.0 = Release|Any CPU
	EndGlobalSection
	GlobalSection(SolutionProperties) = preSolution
		HideSolutionNode = FALSE
	EndGlobalSection
	GlobalSection(ExtensibilityGlobals) = postSolution
		SolutionGuid = {8CA3DED3-C473-4C2B-8747-9F93509BCBF4}
	EndGlobalSection
EndGlobal
